// !$*UTF8*$!
{
	archiveVersion = 1;
	classes = {
	};
	objectVersion = 56;
	objects = {

/* Begin PBXBuildFile section */
		B69297322B389FD1003717A0 /* CodeSnippetsSwiftUIApp.swift in Sources */ = {isa = PBXBuildFile; fileRef = B69297312B389FD1003717A0 /* CodeSnippetsSwiftUIApp.swift */; };
		B69297342B389FD1003717A0 /* ContentView.swift in Sources */ = {isa = PBXBuildFile; fileRef = B69297332B389FD1003717A0 /* ContentView.swift */; };
		B69297362B389FD2003717A0 /* Assets.xcassets in Resources */ = {isa = PBXBuildFile; fileRef = B69297352B389FD2003717A0 /* Assets.xcassets */; };
		B69297392B389FD2003717A0 /* Preview Assets.xcassets in Resources */ = {isa = PBXBuildFile; fileRef = B69297382B389FD2003717A0 /* Preview Assets.xcassets */; };
		B69297402B38A021003717A0 /* NavStackVstackSnippets.swift in Sources */ = {isa = PBXBuildFile; fileRef = B692973F2B38A021003717A0 /* NavStackVstackSnippets.swift */; };
		B69297422B38A28F003717A0 /* HstackSnippets.swift in Sources */ = {isa = PBXBuildFile; fileRef = B69297412B38A28F003717A0 /* HstackSnippets.swift */; };
		B69297442B38A2DE003717A0 /* ZstackSnippets.swift in Sources */ = {isa = PBXBuildFile; fileRef = B69297432B38A2DE003717A0 /* ZstackSnippets.swift */; };
		B69297462B38A6E8003717A0 /* ButtonSnippets.swift in Sources */ = {isa = PBXBuildFile; fileRef = B69297452B38A6E8003717A0 /* ButtonSnippets.swift */; };
		B69297482B38A782003717A0 /* FormSnippets.swift in Sources */ = {isa = PBXBuildFile; fileRef = B69297472B38A782003717A0 /* FormSnippets.swift */; };
		B692974A2B38A7E3003717A0 /* TabViewSnippets.swift in Sources */ = {isa = PBXBuildFile; fileRef = B69297492B38A7E3003717A0 /* TabViewSnippets.swift */; };
		B692974C2B38A842003717A0 /* TextSnippets.swift in Sources */ = {isa = PBXBuildFile; fileRef = B692974B2B38A842003717A0 /* TextSnippets.swift */; };
		B692974E2B38A984003717A0 /* MyCustomSnippets.swift in Sources */ = {isa = PBXBuildFile; fileRef = B692974D2B38A984003717A0 /* MyCustomSnippets.swift */; };
/* End PBXBuildFile section */

/* Begin PBXFileReference section */
		B692972E2B389FD1003717A0 /* CodeSnippetsSwiftUI.app */ = {isa = PBXFileReference; explicitFileType = wrapper.application; includeInIndex = 0; path = CodeSnippetsSwiftUI.app; sourceTree = BUILT_PRODUCTS_DIR; };
		B69297312B389FD1003717A0 /* CodeSnippetsSwiftUIApp.swift */ = {isa = PBXFileReference; lastKnownFileType = sourcecode.swift; path = CodeSnippetsSwiftUIApp.swift; sourceTree = "<group>"; };
		B69297332B389FD1003717A0 /* ContentView.swift */ = {isa = PBXFileReference; lastKnownFileType = sourcecode.swift; path = ContentView.swift; sourceTree = "<group>"; };
		B69297352B389FD2003717A0 /* Assets.xcassets */ = {isa = PBXFileReference; lastKnownFileType = folder.assetcatalog; path = Assets.xcassets; sourceTree = "<group>"; };
		B69297382B389FD2003717A0 /* Preview Assets.xcassets */ = {isa = PBXFileReference; lastKnownFileType = folder.assetcatalog; path = "Preview Assets.xcassets"; sourceTree = "<group>"; };
		B692973F2B38A021003717A0 /* NavStackVstackSnippets.swift */ = {isa = PBXFileReference; lastKnownFileType = sourcecode.swift; path = NavStackVstackSnippets.swift; sourceTree = "<group>"; };
		B69297412B38A28F003717A0 /* HstackSnippets.swift */ = {isa = PBXFileReference; lastKnownFileType = sourcecode.swift; path = HstackSnippets.swift; sourceTree = "<group>"; };
		B69297432B38A2DE003717A0 /* ZstackSnippets.swift */ = {isa = PBXFileReference; lastKnownFileType = sourcecode.swift; path = ZstackSnippets.swift; sourceTree = "<group>"; };
		B69297452B38A6E8003717A0 /* ButtonSnippets.swift */ = {isa = PBXFileReference; lastKnownFileType = sourcecode.swift; path = ButtonSnippets.swift; sourceTree = "<group>"; };
		B69297472B38A782003717A0 /* FormSnippets.swift */ = {isa = PBXFileReference; lastKnownFileType = sourcecode.swift; path = FormSnippets.swift; sourceTree = "<group>"; };
		B69297492B38A7E3003717A0 /* TabViewSnippets.swift */ = {isa = PBXFileReference; lastKnownFileType = sourcecode.swift; path = TabViewSnippets.swift; sourceTree = "<group>"; };
		B692974B2B38A842003717A0 /* TextSnippets.swift */ = {isa = PBXFileReference; lastKnownFileType = sourcecode.swift; path = TextSnippets.swift; sourceTree = "<group>"; };
		B692974D2B38A984003717A0 /* MyCustomSnippets.swift */ = {isa = PBXFileReference; lastKnownFileType = sourcecode.swift; path = MyCustomSnippets.swift; sourceTree = "<group>"; };
/* End PBXFileReference section */

/* Begin PBXFrameworksBuildPhase section */
		B692972B2B389FD1003717A0 /* Frameworks */ = {
			isa = PBXFrameworksBuildPhase;
			buildActionMask = 2147483647;
			files = (
			);
			runOnlyForDeploymentPostprocessing = 0;
		};
/* End PBXFrameworksBuildPhase section */

/* Begin PBXGroup section */
		B69297252B389FD1003717A0 = {
			isa = PBXGroup;
			children = (
				B69297302B389FD1003717A0 /* CodeSnippetsSwiftUI */,
				B692972F2B389FD1003717A0 /* Products */,
			);
			sourceTree = "<group>";
		};
		B692972F2B389FD1003717A0 /* Products */ = {
			isa = PBXGroup;
			children = (
				B692972E2B389FD1003717A0 /* CodeSnippetsSwiftUI.app */,
			);
			name = Products;
			sourceTree = "<group>";
		};
		B69297302B389FD1003717A0 /* CodeSnippetsSwiftUI */ = {
			isa = PBXGroup;
			children = (
				B69297312B389FD1003717A0 /* CodeSnippetsSwiftUIApp.swift */,
				B69297332B389FD1003717A0 /* ContentView.swift */,
				B692973F2B38A021003717A0 /* NavStackVstackSnippets.swift */,
				B69297412B38A28F003717A0 /* HstackSnippets.swift */,
				B69297432B38A2DE003717A0 /* ZstackSnippets.swift */,
				B69297452B38A6E8003717A0 /* ButtonSnippets.swift */,
				B69297472B38A782003717A0 /* FormSnippets.swift */,
				B69297492B38A7E3003717A0 /* TabViewSnippets.swift */,
				B692974B2B38A842003717A0 /* TextSnippets.swift */,
				B692974D2B38A984003717A0 /* MyCustomSnippets.swift */,
				B69297352B389FD2003717A0 /* Assets.xcassets */,
				B69297372B389FD2003717A0 /* Preview Content */,
			);
			path = CodeSnippetsSwiftUI;
			sourceTree = "<group>";
		};
		B69297372B389FD2003717A0 /* Preview Content */ = {
			isa = PBXGroup;
			children = (
				B69297382B389FD2003717A0 /* Preview Assets.xcassets */,
			);
			path = "Preview Content";
			sourceTree = "<group>";
		};
/* End PBXGroup section */

/* Begin PBXNativeTarget section */
		B692972D2B389FD1003717A0 /* CodeSnippetsSwiftUI */ = {
			isa = PBXNativeTarget;
			buildConfigurationList = B692973C2B389FD2003717A0 /* Build configuration list for PBXNativeTarget "CodeSnippetsSwiftUI" */;
			buildPhases = (
				B692972A2B389FD1003717A0 /* Sources */,
				B692972B2B389FD1003717A0 /* Frameworks */,
				B692972C2B389FD1003717A0 /* Resources */,
			);
			buildRules = (
			);
			dependencies = (
			);
			name = CodeSnippetsSwiftUI;
			productName = CodeSnippetsSwiftUI;
			productReference = B692972E2B389FD1003717A0 /* CodeSnippetsSwiftUI.app */;
			productType = "com.apple.product-type.application";
		};
/* End PBXNativeTarget section */

/* Begin PBXProject section */
		B69297262B389FD1003717A0 /* Project object */ = {
			isa = PBXProject;
			attributes = {
				BuildIndependentTargetsInParallel = 1;
				LastSwiftUpdateCheck = 1500;
				LastUpgradeCheck = 1500;
				TargetAttributes = {
					B692972D2B389FD1003717A0 = {
						CreatedOnToolsVersion = 15.0.1;
					};
				};
			};
			buildConfigurationList = B69297292B389FD1003717A0 /* Build configuration list for PBXProject "CodeSnippetsSwiftUI" */;
			compatibilityVersion = "Xcode 14.0";
			developmentRegion = en;
			hasScannedForEncodings = 0;
			knownRegions = (
				en,
				Base,
			);
			mainGroup = B69297252B389FD1003717A0;
			productRefGroup = B692972F2B389FD1003717A0 /* Products */;
			projectDirPath = "";
			projectRoot = "";
			targets = (
				B692972D2B389FD1003717A0 /* CodeSnippetsSwiftUI */,
			);
		};
/* End PBXProject section */

/* Begin PBXResourcesBuildPhase section */
		B692972C2B389FD1003717A0 /* Resources */ = {
			isa = PBXResourcesBuildPhase;
			buildActionMask = 2147483647;
			files = (
				B69297392B389FD2003717A0 /* Preview Assets.xcassets in Resources */,
				B69297362B389FD2003717A0 /* Assets.xcassets in Resources */,
			);
			runOnlyForDeploymentPostprocessing = 0;
		};
/* End PBXResourcesBuildPhase section */

/* Begin PBXSourcesBuildPhase section */
		B692972A2B389FD1003717A0 /* Sources */ = {
			isa = PBXSourcesBuildPhase;
			buildActionMask = 2147483647;
			files = (
				B692974E2B38A984003717A0 /* MyCustomSnippets.swift in Sources */,
				B692974A2B38A7E3003717A0 /* TabViewSnippets.swift in Sources */,
				B69297442B38A2DE003717A0 /* ZstackSnippets.swift in Sources */,
				B69297462B38A6E8003717A0 /* ButtonSnippets.swift in Sources */,
				B69297342B389FD1003717A0 /* ContentView.swift in Sources */,
				B69297482B38A782003717A0 /* FormSnippets.swift in Sources */,
				B69297322B389FD1003717A0 /* CodeSnippetsSwiftUIApp.swift in Sources */,
				B692974C2B38A842003717A0 /* TextSnippets.swift in Sources */,
				B69297402B38A021003717A0 /* NavStackVstackSnippets.swift in Sources */,
				B69297422B38A28F003717A0 /* HstackSnippets.swift in Sources */,
			);
			runOnlyForDeploymentPostprocessing = 0;
		};
/* End PBXSourcesBuildPhase section */

/* Begin XCBuildConfiguration section */
		B692973A2B389FD2003717A0 /* Debug */ = {
			isa = XCBuildConfiguration;
			buildSettings = {
				ALWAYS_SEARCH_USER_PATHS = NO;
				ASSETCATALOG_COMPILER_GENERATE_SWIFT_ASSET_SYMBOL_EXTENSIONS = YES;
				CLANG_ANALYZER_NONNULL = YES;
				CLANG_ANALYZER_NUMBER_OBJECT_CONVERSION = YES_AGGRESSIVE;
				CLANG_CXX_LANGUAGE_STANDARD = "gnu++20";
				CLANG_ENABLE_MODULES = YES;
				CLANG_ENABLE_OBJC_ARC = YES;
				CLANG_ENABLE_OBJC_WEAK = YES;
				CLANG_WARN_BLOCK_CAPTURE_AUTORELEASING = YES;
				CLANG_WARN_BOOL_CONVERSION = YES;
				CLANG_WARN_COMMA = YES;
				CLANG_WARN_CONSTANT_CONVERSION = YES;
				CLANG_WARN_DEPRECATED_OBJC_IMPLEMENTATIONS = YES;
				CLANG_WARN_DIRECT_OBJC_ISA_USAGE = YES_ERROR;
				CLANG_WARN_DOCUMENTATION_COMMENTS = YES;
				CLANG_WARN_EMPTY_BODY = YES;
				CLANG_WARN_ENUM_CONVERSION = YES;
				CLANG_WARN_INFINITE_RECURSION = YES;
				CLANG_WARN_INT_CONVERSION = YES;
				CLANG_WARN_NON_LITERAL_NULL_CONVERSION = YES;
				CLANG_WARN_OBJC_IMPLICIT_RETAIN_SELF = YES;
				CLANG_WARN_OBJC_LITERAL_CONVERSION = YES;
				CLANG_WARN_OBJC_ROOT_CLASS = YES_ERROR;
				CLANG_WARN_QUOTED_INCLUDE_IN_FRAMEWORK_HEADER = YES;
				CLANG_WARN_RANGE_LOOP_ANALYSIS = YES;
				CLANG_WARN_STRICT_PROTOTYPES = YES;
				CLANG_WARN_SUSPICIOUS_MOVE = YES;
				CLANG_WARN_UNGUARDED_AVAILABILITY = YES_AGGRESSIVE;
				CLANG_WARN_UNREACHABLE_CODE = YES;
				CLANG_WARN__DUPLICATE_METHOD_MATCH = YES;
				COPY_PHASE_STRIP = NO;
				DEBUG_INFORMATION_FORMAT = dwarf;
				ENABLE_STRICT_OBJC_MSGSEND = YES;
				ENABLE_TESTABILITY = YES;
				ENABLE_USER_SCRIPT_SANDBOXING = YES;
				GCC_C_LANGUAGE_STANDARD = gnu17;
				GCC_DYNAMIC_NO_PIC = NO;
				GCC_NO_COMMON_BLOCKS = YES;
				GCC_OPTIMIZATION_LEVEL = 0;
				GCC_PREPROCESSOR_DEFINITIONS = (
					"DEBUG=1",
					"$(inherited)",
				);
				GCC_WARN_64_TO_32_BIT_CONVERSION = YES;
				GCC_WARN_ABOUT_RETURN_TYPE = YES_ERROR;
				GCC_WARN_UNDECLARED_SELECTOR = YES;
				GCC_WARN_UNINITIALIZED_AUTOS = YES_AGGRESSIVE;
				GCC_WARN_UNUSED_FUNCTION = YES;
				GCC_WARN_UNUSED_VARIABLE = YES;
				IPHONEOS_DEPLOYMENT_TARGET = 17.0;
				LOCALIZATION_PREFERS_STRING_CATALOGS = YES;
				MTL_ENABLE_DEBUG_INFO = INCLUDE_SOURCE;
				MTL_FAST_MATH = YES;
				ONLY_ACTIVE_ARCH = YES;
				SDKROOT = iphoneos;
				SWIFT_ACTIVE_COMPILATION_CONDITIONS = "DEBUG $(inherited)";
				SWIFT_OPTIMIZATION_LEVEL = "-Onone";
			};
			name = Debug;
		};
		B692973B2B389FD2003717A0 /* Release */ = {
			isa = XCBuildConfiguration;
			buildSettings = {
				ALWAYS_SEARCH_USER_PATHS = NO;
				ASSETCATALOG_COMPILER_GENERATE_SWIFT_ASSET_SYMBOL_EXTENSIONS = YES;
				CLANG_ANALYZER_NONNULL = YES;
				CLANG_ANALYZER_NUMBER_OBJECT_CONVERSION = YES_AGGRESSIVE;
				CLANG_CXX_LANGUAGE_STANDARD = "gnu++20";
				CLANG_ENABLE_MODULES = YES;
				CLANG_ENABLE_OBJC_ARC = YES;
				CLANG_ENABLE_OBJC_WEAK = YES;
				CLANG_WARN_BLOCK_CAPTURE_AUTORELEASING = YES;
				CLANG_WARN_BOOL_CONVERSION = YES;
				CLANG_WARN_COMMA = YES;
				CLANG_WARN_CONSTANT_CONVERSION = YES;
				CLANG_WARN_DEPRECATED_OBJC_IMPLEMENTATIONS = YES;
				CLANG_WARN_DIRECT_OBJC_ISA_USAGE = YES_ERROR;
				CLANG_WARN_DOCUMENTATION_COMMENTS = YES;
				CLANG_WARN_EMPTY_BODY = YES;
				CLANG_WARN_ENUM_CONVERSION = YES;
				CLANG_WARN_INFINITE_RECURSION = YES;
				CLANG_WARN_INT_CONVERSION = YES;
				CLANG_WARN_NON_LITERAL_NULL_CONVERSION = YES;
				CLANG_WARN_OBJC_IMPLICIT_RETAIN_SELF = YES;
				CLANG_WARN_OBJC_LITERAL_CONVERSION = YES;
				CLANG_WARN_OBJC_ROOT_CLASS = YES_ERROR;
				CLANG_WARN_QUOTED_INCLUDE_IN_FRAMEWORK_HEADER = YES;
				CLANG_WARN_RANGE_LOOP_ANALYSIS = YES;
				CLANG_WARN_STRICT_PROTOTYPES = YES;
				CLANG_WARN_SUSPICIOUS_MOVE = YES;
				CLANG_WARN_UNGUARDED_AVAILABILITY = YES_AGGRESSIVE;
				CLANG_WARN_UNREACHABLE_CODE = YES;
				CLANG_WARN__DUPLICATE_METHOD_MATCH = YES;
				COPY_PHASE_STRIP = NO;
				DEBUG_INFORMATION_FORMAT = "dwarf-with-dsym";
				ENABLE_NS_ASSERTIONS = NO;
				ENABLE_STRICT_OBJC_MSGSEND = YES;
				ENABLE_USER_SCRIPT_SANDBOXING = YES;
				GCC_C_LANGUAGE_STANDARD = gnu17;
				GCC_NO_COMMON_BLOCKS = YES;
				GCC_WARN_64_TO_32_BIT_CONVERSION = YES;
				GCC_WARN_ABOUT_RETURN_TYPE = YES_ERROR;
				GCC_WARN_UNDECLARED_SELECTOR = YES;
				GCC_WARN_UNINITIALIZED_AUTOS = YES_AGGRESSIVE;
				GCC_WARN_UNUSED_FUNCTION = YES;
				GCC_WARN_UNUSED_VARIABLE = YES;
				IPHONEOS_DEPLOYMENT_TARGET = 17.0;
				LOCALIZATION_PREFERS_STRING_CATALOGS = YES;
				MTL_ENABLE_DEBUG_INFO = NO;
				MTL_FAST_MATH = YES;
				SDKROOT = iphoneos;
				SWIFT_COMPILATION_MODE = wholemodule;
				VALIDATE_PRODUCT = YES;
			};
			name = Release;
		};
		B692973D2B389FD2003717A0 /* Debug */ = {
			isa = XCBuildConfiguration;
			buildSettings = {
				ASSETCATALOG_COMPILER_APPICON_NAME = AppIcon;
				ASSETCATALOG_COMPILER_GLOBAL_ACCENT_COLOR_NAME = AccentColor;
				CODE_SIGN_STYLE = Automatic;
				CURRENT_PROJECT_VERSION = 1;
				DEVELOPMENT_ASSET_PATHS = "\"CodeSnippetsSwiftUI/Preview Content\"";
				DEVELOPMENT_TEAM = MHMAB83V3Q;
				ENABLE_PREVIEWS = YES;
				GENERATE_INFOPLIST_FILE = YES;
				INFOPLIST_KEY_UIApplicationSceneManifest_Generation = YES;
				INFOPLIST_KEY_UIApplicationSupportsIndirectInputEvents = YES;
				INFOPLIST_KEY_UILaunchScreen_Generation = YES;
				INFOPLIST_KEY_UISupportedInterfaceOrientations_iPad = "UIInterfaceOrientationPortrait UIInterfaceOrientationPortraitUpsideDown UIInterfaceOrientationLandscapeLeft UIInterfaceOrientationLandscapeRight";
				INFOPLIST_KEY_UISupportedInterfaceOrientations_iPhone = "UIInterfaceOrientationPortrait UIInterfaceOrientationLandscapeLeft UIInterfaceOrientationLandscapeRight";
				LD_RUNPATH_SEARCH_PATHS = (
					"$(inherited)",
					"@executable_path/Frameworks",
				);
				MARKETING_VERSION = 1.0;
				PRODUCT_BUNDLE_IDENTIFIER = com.bs.CodeSnippetsSwiftUI;
				PRODUCT_NAME = "$(TARGET_NAME)";
				SWIFT_EMIT_LOC_STRINGS = YES;
				SWIFT_VERSION = 5.0;
				TARGETED_DEVICE_FAMILY = "1,2";
			};
			name = Debug;
		};
		B692973E2B389FD2003717A0 /* Release */ = {
			isa = XCBuildConfiguration;
			buildSettings = {
				ASSETCATALOG_COMPILER_APPICON_NAME = AppIcon;
				ASSETCATALOG_COMPILER_GLOBAL_ACCENT_COLOR_NAME = AccentColor;
				CODE_SIGN_STYLE = Automatic;
				CURRENT_PROJECT_VERSION = 1;
				DEVELOPMENT_ASSET_PATHS = "\"CodeSnippetsSwiftUI/Preview Content\"";
				DEVELOPMENT_TEAM = MHMAB83V3Q;
				ENABLE_PREVIEWS = YES;
				GENERATE_INFOPLIST_FILE = YES;
				INFOPLIST_KEY_UIApplicationSceneManifest_Generation = YES;
				INFOPLIST_KEY_UIApplicationSupportsIndirectInputEvents = YES;
				INFOPLIST_KEY_UILaunchScreen_Generation = YES;
				INFOPLIST_KEY_UISupportedInterfaceOrientations_iPad = "UIInterfaceOrientationPortrait UIInterfaceOrientationPortraitUpsideDown UIInterfaceOrientationLandscapeLeft UIInterfaceOrientationLandscapeRight";
				INFOPLIST_KEY_UISupportedInterfaceOrientations_iPhone = "UIInterfaceOrientationPortrait UIInterfaceOrientationLandscapeLeft UIInterfaceOrientationLandscapeRight";
				LD_RUNPATH_SEARCH_PATHS = (
					"$(inherited)",
					"@executable_path/Frameworks",
				);
				MARKETING_VERSION = 1.0;
				PRODUCT_BUNDLE_IDENTIFIER = com.bs.CodeSnippetsSwiftUI;
				PRODUCT_NAME = "$(TARGET_NAME)";
				SWIFT_EMIT_LOC_STRINGS = YES;
				SWIFT_VERSION = 5.0;
				TARGETED_DEVICE_FAMILY = "1,2";
			};
			name = Release;
		};
/* End XCBuildConfiguration section */

/* Begin XCConfigurationList section */
		B69297292B389FD1003717A0 /* Build configuration list for PBXProject "CodeSnippetsSwiftUI" */ = {
			isa = XCConfigurationList;
			buildConfigurations = (
				B692973A2B389FD2003717A0 /* Debug */,
				B692973B2B389FD2003717A0 /* Release */,
			);
			defaultConfigurationIsVisible = 0;
			defaultConfigurationName = Release;
		};
		B692973C2B389FD2003717A0 /* Build configuration list for PBXNativeTarget "CodeSnippetsSwiftUI" */ = {
			isa = XCConfigurationList;
			buildConfigurations = (
				B692973D2B389FD2003717A0 /* Debug */,
				B692973E2B389FD2003717A0 /* Release */,
			);
			defaultConfigurationIsVisible = 0;
			defaultConfigurationName = Release;
		};
/* End XCConfigurationList section */
	};
	rootObject = B69297262B389FD1003717A0 /* Project object */;
}
